
Microsoft Visual Studio Solution File, Format Version 12.00
# Visual Studio Version 17
VisualStudioVersion = 17.5.002.0
MinimumVisualStudioVersion = 10.0.40219.1
Project("{9A19103F-16F7-4668-BE54-9A1E7A4F7556}") = "SistemaPedidosFornecedores", "SistemaPedidosFornecedores.csproj", "{77C2B1CC-BA3C-4EAD-B6A4-33360DB813BD}"
EndProject
Global
	GlobalSection(SolutionConfigurationPlatforms) = preSolution
		Debug|Any CPU = Debug|Any CPU
		Release|Any CPU = Release|Any CPU
	EndGlobalSection
	GlobalSection(ProjectConfigurationPlatforms) = postSolution
		{77C2B1CC-BA3C-4EAD-B6A4-33360DB813BD}.Debug|Any CPU.ActiveCfg = Debug|Any CPU
		{77C2B1CC-BA3C-4EAD-B6A4-33360DB813BD}.Debug|Any CPU.Build.0 = Debug|Any CPU
		{77C2B1CC-BA3C-4EAD-B6A4-33360DB813BD}.Release|Any CPU.ActiveCfg = Release|Any CPU
		{77C2B1CC-BA3C-4EAD-B6A4-33360DB813BD}.Release|Any CPU.Build.0 = Release|Any CPU
	EndGlobalSection
	GlobalSection(SolutionProperties) = preSolution
		HideSolutionNode = FALSE
	EndGlobalSection
	GlobalSection(ExtensibilityGlobals) = postSolution
		SolutionGuid = {AAA61121-CB34-4D78-8752-9EA069B3CAD5}
	EndGlobalSection
EndGlobal
